
Microsoft Visual Studio Solution File, Format Version 12.00
# Visual Studio 15
VisualStudioVersion = 15.0.28307.271
MinimumVisualStudioVersion = 10.0.40219.1
Project("{FAE04EC0-301F-11D3-BF4B-00C04F79EFBC}") = "Fitbit.Entities", "Fitbit.Entities\Fitbit.Entities.csproj", "{30ACD611-5193-4B3F-A065-790CAC3AF75C}"
EndProject
Project("{FAE04EC0-301F-11D3-BF4B-00C04F79EFBC}") = "Fitbit.UnitTests", "Fitbit.UnitTests\Fitbit.UnitTests.csproj", "{B6676D68-DA58-4513-B5CF-8CE5B540DC66}"
EndProject
Global
	GlobalSection(SolutionConfigurationPlatforms) = preSolution
		Debug|Any CPU = Debug|Any CPU
		Release|Any CPU = Release|Any CPU
	EndGlobalSection
	GlobalSection(ProjectConfigurationPlatforms) = postSolution
		{30ACD611-5193-4B3F-A065-790CAC3AF75C}.Debug|Any CPU.ActiveCfg = Debug|Any CPU
		{30ACD611-5193-4B3F-A065-790CAC3AF75C}.Debug|Any CPU.Build.0 = Debug|Any CPU
		{30ACD611-5193-4B3F-A065-790CAC3AF75C}.Release|Any CPU.ActiveCfg = Release|Any CPU
		{30ACD611-5193-4B3F-A065-790CAC3AF75C}.Release|Any CPU.Build.0 = Release|Any CPU
		{B6676D68-DA58-4513-B5CF-8CE5B540DC66}.Debug|Any CPU.ActiveCfg = Debug|Any CPU
		{B6676D68-DA58-4513-B5CF-8CE5B540DC66}.Debug|Any CPU.Build.0 = Debug|Any CPU
		{B6676D68-DA58-4513-B5CF-8CE5B540DC66}.Release|Any CPU.ActiveCfg = Release|Any CPU
		{B6676D68-DA58-4513-B5CF-8CE5B540DC66}.Release|Any CPU.Build.0 = Release|Any CPU
	EndGlobalSection
	GlobalSection(SolutionProperties) = preSolution
		HideSolutionNode = FALSE
	EndGlobalSection
	GlobalSection(ExtensibilityGlobals) = postSolution
		SolutionGuid = {C395874C-7B99-456E-972E-2A31E773CA77}
	EndGlobalSection
	GlobalSection(TeamFoundationVersionControl) = preSolution
		SccNumberOfProjects = 3
		SccEnterpriseProvider = {4CA58AB2-18FA-4F8D-95D4-32DDF27D184C}
		SccTeamFoundationServer = http://25.19.245.201:8080/tfs/btssio2020
		SccLocalPath0 = .
		SccProjectUniqueName1 = Fitbit.Entities\\Fitbit.Entities.csproj
		SccProjectName1 = Fitbit.Entities
		SccLocalPath1 = Fitbit.Entities
		SccProjectUniqueName2 = Fitbit.UnitTests\\Fitbit.UnitTests.csproj
		SccProjectName2 = Fitbit.UnitTests
		SccLocalPath2 = Fitbit.UnitTests
	EndGlobalSection
EndGlobal
